
Microsoft Visual Studio Solution File, Format Version 12.00
# Visual Studio Version 16
VisualStudioVersion = 16.0.31205.134
MinimumVisualStudioVersion = 10.0.40219.1
Project("{9A19103F-16F7-4668-BE54-9A1E7A4F7556}") = "BLEWinForms", "BLEWinForms\BLEWinForms.csproj", "{F6F7F141-7954-4686-9B26-39F4C02FF295}"
EndProject
Global
	GlobalSection(SolutionConfigurationPlatforms) = preSolution
		Debug|Any CPU = Debug|Any CPU
		Release|Any CPU = Release|Any CPU
	EndGlobalSection
	GlobalSection(ProjectConfigurationPlatforms) = postSolution
		{F6F7F141-7954-4686-9B26-39F4C02FF295}.Debug|Any CPU.ActiveCfg = Debug|Any CPU
		{F6F7F141-7954-4686-9B26-39F4C02FF295}.Debug|Any CPU.Build.0 = Debug|Any CPU
		{F6F7F141-7954-4686-9B26-39F4C02FF295}.Release|Any CPU.ActiveCfg = Release|Any CPU
		{F6F7F141-7954-4686-9B26-39F4C02FF295}.Release|Any CPU.Build.0 = Release|Any CPU
	EndGlobalSection
	GlobalSection(SolutionProperties) = preSolution
		HideSolutionNode = FALSE
	EndGlobalSection
	GlobalSection(ExtensibilityGlobals) = postSolution
		SolutionGuid = {95EA94F7-19EF-460E-9A10-EADD0A8C5A87}
	EndGlobalSection
EndGlobal
